
Microsoft Visual Studio Solution File, Format Version 12.00
# Visual Studio Version 16
VisualStudioVersion = 16.0.30503.244
MinimumVisualStudioVersion = 10.0.40219.1
Project("{FAE04EC0-301F-11D3-BF4B-00C04F79EFBC}") = "EdiFabric.Translate.X12.Net45", "EdiFabric.Translate.X12.Net45\EdiFabric.Translate.X12.Net45.csproj", "{127BBFA8-4F0A-40F5-A552-43C136EB5B58}"
EndProject
Project("{FAE04EC0-301F-11D3-BF4B-00C04F79EFBC}") = "EdiFabric.Translate.EDIFACT.Net45", "EdiFabric.Translate.EDIFACT.Net45\EdiFabric.Translate.EDIFACT.Net45.csproj", "{6E8121C8-98C4-417B-B785-D0DD70709094}"
EndProject
Project("{FAE04EC0-301F-11D3-BF4B-00C04F79EFBC}") = "EdiFabric.Translate.HIPAA.Net45", "EdiFabric.Translate.HIPAA.Net45\EdiFabric.Translate.HIPAA.Net45.csproj", "{E9350BDA-86FC-4D47-9AEB-70331FFD2B96}"
EndProject
Project("{9A19103F-16F7-4668-BE54-9A1E7A4F7556}") = "EdiFabric.Translate.EDIFACT.Core31", "EdiFabric.Translate.EDIFACT.Core31\EdiFabric.Translate.EDIFACT.Core31.csproj", "{C3AAA8FD-E6C8-4115-8C88-1DE5FABB8D16}"
EndProject
Project("{9A19103F-16F7-4668-BE54-9A1E7A4F7556}") = "EdiFabric.Translate.HIPAA.Core31", "EdiFabric.Translate.HIPAA.Core31\EdiFabric.Translate.HIPAA.Core31.csproj", "{3F1F92C7-91CF-44CD-A7A0-48733E39A69C}"
EndProject
Project("{9A19103F-16F7-4668-BE54-9A1E7A4F7556}") = "EdiFabric.Translate.X12.Core31", "EdiFabric.Translate.X12.Core31\EdiFabric.Translate.X12.Core31.csproj", "{0E4847CD-D925-4381-A17D-FCFEB06445BA}"
EndProject
Global
	GlobalSection(SolutionConfigurationPlatforms) = preSolution
		Debug|Any CPU = Debug|Any CPU
		Release|Any CPU = Release|Any CPU
	EndGlobalSection
	GlobalSection(ProjectConfigurationPlatforms) = postSolution
		{127BBFA8-4F0A-40F5-A552-43C136EB5B58}.Debug|Any CPU.ActiveCfg = Debug|Any CPU
		{127BBFA8-4F0A-40F5-A552-43C136EB5B58}.Debug|Any CPU.Build.0 = Debug|Any CPU
		{127BBFA8-4F0A-40F5-A552-43C136EB5B58}.Release|Any CPU.ActiveCfg = Release|Any CPU
		{127BBFA8-4F0A-40F5-A552-43C136EB5B58}.Release|Any CPU.Build.0 = Release|Any CPU
		{6E8121C8-98C4-417B-B785-D0DD70709094}.Debug|Any CPU.ActiveCfg = Debug|Any CPU
		{6E8121C8-98C4-417B-B785-D0DD70709094}.Debug|Any CPU.Build.0 = Debug|Any CPU
		{6E8121C8-98C4-417B-B785-D0DD70709094}.Release|Any CPU.ActiveCfg = Release|Any CPU
		{6E8121C8-98C4-417B-B785-D0DD70709094}.Release|Any CPU.Build.0 = Release|Any CPU
		{E9350BDA-86FC-4D47-9AEB-70331FFD2B96}.Debug|Any CPU.ActiveCfg = Debug|Any CPU
		{E9350BDA-86FC-4D47-9AEB-70331FFD2B96}.Debug|Any CPU.Build.0 = Debug|Any CPU
		{E9350BDA-86FC-4D47-9AEB-70331FFD2B96}.Release|Any CPU.ActiveCfg = Release|Any CPU
		{E9350BDA-86FC-4D47-9AEB-70331FFD2B96}.Release|Any CPU.Build.0 = Release|Any CPU
		{C3AAA8FD-E6C8-4115-8C88-1DE5FABB8D16}.Debug|Any CPU.ActiveCfg = Debug|Any CPU
		{C3AAA8FD-E6C8-4115-8C88-1DE5FABB8D16}.Debug|Any CPU.Build.0 = Debug|Any CPU
		{C3AAA8FD-E6C8-4115-8C88-1DE5FABB8D16}.Release|Any CPU.ActiveCfg = Release|Any CPU
		{C3AAA8FD-E6C8-4115-8C88-1DE5FABB8D16}.Release|Any CPU.Build.0 = Release|Any CPU
		{3F1F92C7-91CF-44CD-A7A0-48733E39A69C}.Debug|Any CPU.ActiveCfg = Debug|Any CPU
		{3F1F92C7-91CF-44CD-A7A0-48733E39A69C}.Debug|Any CPU.Build.0 = Debug|Any CPU
		{3F1F92C7-91CF-44CD-A7A0-48733E39A69C}.Release|Any CPU.ActiveCfg = Release|Any CPU
		{3F1F92C7-91CF-44CD-A7A0-48733E39A69C}.Release|Any CPU.Build.0 = Release|Any CPU
		{0E4847CD-D925-4381-A17D-FCFEB06445BA}.Debug|Any CPU.ActiveCfg = Debug|Any CPU
		{0E4847CD-D925-4381-A17D-FCFEB06445BA}.Debug|Any CPU.Build.0 = Debug|Any CPU
		{0E4847CD-D925-4381-A17D-FCFEB06445BA}.Release|Any CPU.ActiveCfg = Release|Any CPU
		{0E4847CD-D925-4381-A17D-FCFEB06445BA}.Release|Any CPU.Build.0 = Release|Any CPU
	EndGlobalSection
	GlobalSection(SolutionProperties) = preSolution
		HideSolutionNode = FALSE
	EndGlobalSection
	GlobalSection(ExtensibilityGlobals) = postSolution
		SolutionGuid = {D49B780B-2EA6-45CC-89A8-E9DAC9EB8399}
	EndGlobalSection
EndGlobal
